// !$*UTF8*$!
{
	archiveVersion = 1;
	classes = {
	};
	objectVersion = 46;
	objects = {

/* Begin PBXBuildFile section */
		282219131C7BBD860031C9CE /* SBMetadataImporter.m in Sources */ = {isa = PBXBuildFile; fileRef = 282219121C7BBD860031C9CE /* SBMetadataImporter.m */; };
		282219151C7BBDFD0031C9CE /* SBiTunesStore.m in Sources */ = {isa = PBXBuildFile; fileRef = 282219141C7BBDFD0031C9CE /* SBiTunesStore.m */; };
		282219171C7BBE270031C9CE /* SBTheTVDB.m in Sources */ = {isa = PBXBuildFile; fileRef = 282219161C7BBE270031C9CE /* SBTheTVDB.m */; };
		282219191C7BBE390031C9CE /* SBTheMovieDB3.m in Sources */ = {isa = PBXBuildFile; fileRef = 282219181C7BBE390031C9CE /* SBTheMovieDB3.m */; };
		2822191B1C7BBED80031C9CE /* SBMetadataHelper.m in Sources */ = {isa = PBXBuildFile; fileRef = 2822191A1C7BBED80031C9CE /* SBMetadataHelper.m */; };
		2822191D1C7BBF160031C9CE /* SBMetadataResult.m in Sources */ = {isa = PBXBuildFile; fileRef = 2822191C1C7BBF160031C9CE /* SBMetadataResult.m */; };
		2822191F1C7BBF500031C9CE /* XMLReader.m in Sources */ = {isa = PBXBuildFile; fileRef = 2822191E1C7BBF500031C9CE /* XMLReader.m */; };
		28249A151C74F07500B0C1E5 /* main.m in Sources */ = {isa = PBXBuildFile; fileRef = 28249A141C74F07500B0C1E5 /* main.m */; };
		28249A301C74F7DD00B0C1E5 /* MP42Foundation.framework in Frameworks */ = {isa = PBXBuildFile; fileRef = 28249A241C74F2FB00B0C1E5 /* MP42Foundation.framework */; };
/* End PBXBuildFile section */

/* Begin PBXContainerItemProxy section */
		28249A231C74F2FB00B0C1E5 /* PBXContainerItemProxy */ = {
			isa = PBXContainerItemProxy;
			containerPortal = 28249A1C1C74F2FB00B0C1E5 /* MP42Foundation.xcodeproj */;
			proxyType = 2;
			remoteGlobalIDString = A9B9C1ED182391DF00416A4E;
			remoteInfo = MP42Foundation;
		};
		28249A251C74F2FB00B0C1E5 /* PBXContainerItemProxy */ = {
			isa = PBXContainerItemProxy;
			containerPortal = 28249A1C1C74F2FB00B0C1E5 /* MP42Foundation.xcodeproj */;
			proxyType = 2;
			remoteGlobalIDString = A9B9C204182391DF00416A4E;
			remoteInfo = MP42FoundationTests;
		};
		28249A271C74F2FB00B0C1E5 /* PBXContainerItemProxy */ = {
			isa = PBXContainerItemProxy;
			containerPortal = 28249A1C1C74F2FB00B0C1E5 /* MP42Foundation.xcodeproj */;
			proxyType = 2;
			remoteGlobalIDString = A910B5A318394E900064028F;
			remoteInfo = mp42;
		};
/* End PBXContainerItemProxy section */

/* Begin PBXCopyFilesBuildPhase section */
		28249A0F1C74F07400B0C1E5 /* CopyFiles */ = {
			isa = PBXCopyFilesBuildPhase;
			buildActionMask = 2147483647;
			dstPath = /usr/share/man/man1/;
			dstSubfolderSpec = 0;
			files = (
			);
			runOnlyForDeploymentPostprocessing = 1;
		};
/* End PBXCopyFilesBuildPhase section */

/* Begin PBXFileReference section */
		282219071C7BB0800031C9CE /* MetadataImporters */ = {isa = PBXFileReference; lastKnownFileType = folder; name = MetadataImporters; path = ../MetadataImporters; sourceTree = "<group>"; };
		282219121C7BBD860031C9CE /* SBMetadataImporter.m */ = {isa = PBXFileReference; lastKnownFileType = sourcecode.c.objc; name = SBMetadataImporter.m; path = MetadataImporters/SBMetadataImporter.m; sourceTree = "<group>"; };
		282219141C7BBDFD0031C9CE /* SBiTunesStore.m */ = {isa = PBXFileReference; lastKnownFileType = sourcecode.c.objc; name = SBiTunesStore.m; path = MetadataImporters/SBiTunesStore.m; sourceTree = "<group>"; };
		282219161C7BBE270031C9CE /* SBTheTVDB.m */ = {isa = PBXFileReference; lastKnownFileType = sourcecode.c.objc; name = SBTheTVDB.m; path = MetadataImporters/SBTheTVDB.m; sourceTree = "<group>"; };
		282219181C7BBE390031C9CE /* SBTheMovieDB3.m */ = {isa = PBXFileReference; lastKnownFileType = sourcecode.c.objc; name = SBTheMovieDB3.m; path = MetadataImporters/SBTheMovieDB3.m; sourceTree = "<group>"; };
		2822191A1C7BBED80031C9CE /* SBMetadataHelper.m */ = {isa = PBXFileReference; lastKnownFileType = sourcecode.c.objc; name = SBMetadataHelper.m; path = MetadataImporters/SBMetadataHelper.m; sourceTree = "<group>"; };
		2822191C1C7BBF160031C9CE /* SBMetadataResult.m */ = {isa = PBXFileReference; lastKnownFileType = sourcecode.c.objc; name = SBMetadataResult.m; path = MetadataImporters/SBMetadataResult.m; sourceTree = "<group>"; };
		2822191E1C7BBF500031C9CE /* XMLReader.m */ = {isa = PBXFileReference; lastKnownFileType = sourcecode.c.objc; name = XMLReader.m; path = MetadataImporters/XMLReader.m; sourceTree = "<group>"; };
		28249A111C74F07400B0C1E5 /* tagler */ = {isa = PBXFileReference; explicitFileType = "compiled.mach-o.executable"; includeInIndex = 0; path = tagler; sourceTree = BUILT_PRODUCTS_DIR; };
		28249A141C74F07500B0C1E5 /* main.m */ = {isa = PBXFileReference; lastKnownFileType = sourcecode.c.objc; path = main.m; sourceTree = "<group>"; };
		28249A1C1C74F2FB00B0C1E5 /* MP42Foundation.xcodeproj */ = {isa = PBXFileReference; lastKnownFileType = "wrapper.pb-project"; name = MP42Foundation.xcodeproj; path = MP42Foundation/MP42Foundation.xcodeproj; sourceTree = "<group>"; };
/* End PBXFileReference section */

/* Begin PBXFrameworksBuildPhase section */
		28249A0E1C74F07400B0C1E5 /* Frameworks */ = {
			isa = PBXFrameworksBuildPhase;
			buildActionMask = 2147483647;
			files = (
				28249A301C74F7DD00B0C1E5 /* MP42Foundation.framework in Frameworks */,
			);
			runOnlyForDeploymentPostprocessing = 0;
		};
/* End PBXFrameworksBuildPhase section */

/* Begin PBXGroup section */
		28249A081C74F07400B0C1E5 = {
			isa = PBXGroup;
			children = (
				2822191E1C7BBF500031C9CE /* XMLReader.m */,
				2822191C1C7BBF160031C9CE /* SBMetadataResult.m */,
				2822191A1C7BBED80031C9CE /* SBMetadataHelper.m */,
				282219181C7BBE390031C9CE /* SBTheMovieDB3.m */,
				282219161C7BBE270031C9CE /* SBTheTVDB.m */,
				282219141C7BBDFD0031C9CE /* SBiTunesStore.m */,
				282219121C7BBD860031C9CE /* SBMetadataImporter.m */,
				28249A1C1C74F2FB00B0C1E5 /* MP42Foundation.xcodeproj */,
				28249A131C74F07400B0C1E5 /* tagler */,
				28249A121C74F07400B0C1E5 /* Products */,
			);
			sourceTree = "<group>";
		};
		28249A121C74F07400B0C1E5 /* Products */ = {
			isa = PBXGroup;
			children = (
				28249A111C74F07400B0C1E5 /* tagler */,
			);
			name = Products;
			sourceTree = "<group>";
		};
		28249A131C74F07400B0C1E5 /* tagler */ = {
			isa = PBXGroup;
			children = (
				282219071C7BB0800031C9CE /* MetadataImporters */,
				28249A141C74F07500B0C1E5 /* main.m */,
			);
			path = tagler;
			sourceTree = "<group>";
		};
		28249A1D1C74F2FB00B0C1E5 /* Products */ = {
			isa = PBXGroup;
			children = (
				28249A241C74F2FB00B0C1E5 /* MP42Foundation.framework */,
				28249A261C74F2FB00B0C1E5 /* MP42FoundationFoundationTests.xctest */,
				28249A281C74F2FB00B0C1E5 /* libmp42.a */,
			);
			name = Products;
			sourceTree = "<group>";
		};
/* End PBXGroup section */

/* Begin PBXNativeTarget section */
		28249A101C74F07400B0C1E5 /* tagler */ = {
			isa = PBXNativeTarget;
			buildConfigurationList = 28249A181C74F07500B0C1E5 /* Build configuration list for PBXNativeTarget "tagler" */;
			buildPhases = (
				28249A0D1C74F07400B0C1E5 /* Sources */,
				28249A0E1C74F07400B0C1E5 /* Frameworks */,
				28249A0F1C74F07400B0C1E5 /* CopyFiles */,
			);
			buildRules = (
			);
			dependencies = (
			);
			name = tagler;
			productName = tagler;
			productReference = 28249A111C74F07400B0C1E5 /* tagler */;
			productType = "com.apple.product-type.tool";
		};
/* End PBXNativeTarget section */

/* Begin PBXProject section */
		28249A091C74F07400B0C1E5 /* Project object */ = {
			isa = PBXProject;
			attributes = {
				LastUpgradeCheck = 0720;
				ORGANIZATIONNAME = "Markus Mayer";
				TargetAttributes = {
					28249A101C74F07400B0C1E5 = {
						CreatedOnToolsVersion = 7.2.1;
					};
				};
			};
			buildConfigurationList = 28249A0C1C74F07400B0C1E5 /* Build configuration list for PBXProject "tagler" */;
			compatibilityVersion = "Xcode 3.2";
			developmentRegion = English;
			hasScannedForEncodings = 0;
			knownRegions = (
				en,
			);
			mainGroup = 28249A081C74F07400B0C1E5;
			productRefGroup = 28249A121C74F07400B0C1E5 /* Products */;
			projectDirPath = "";
			projectReferences = (
				{
					ProductGroup = 28249A1D1C74F2FB00B0C1E5 /* Products */;
					ProjectRef = 28249A1C1C74F2FB00B0C1E5 /* MP42Foundation.xcodeproj */;
				},
			);
			projectRoot = "";
			targets = (
				28249A101C74F07400B0C1E5 /* tagler */,
			);
		};
/* End PBXProject section */

/* Begin PBXReferenceProxy section */
		28249A241C74F2FB00B0C1E5 /* MP42Foundation.framework */ = {
			isa = PBXReferenceProxy;
			fileType = wrapper.framework;
			path = MP42Foundation.framework;
			remoteRef = 28249A231C74F2FB00B0C1E5 /* PBXContainerItemProxy */;
			sourceTree = BUILT_PRODUCTS_DIR;
		};
		28249A261C74F2FB00B0C1E5 /* MP42FoundationFoundationTests.xctest */ = {
			isa = PBXReferenceProxy;
			fileType = wrapper.cfbundle;
			path = MP42FoundationFoundationTests.xctest;
			remoteRef = 28249A251C74F2FB00B0C1E5 /* PBXContainerItemProxy */;
			sourceTree = BUILT_PRODUCTS_DIR;
		};
		28249A281C74F2FB00B0C1E5 /* libmp42.a */ = {
			isa = PBXReferenceProxy;
			fileType = archive.ar;
			path = libmp42.a;
			remoteRef = 28249A271C74F2FB00B0C1E5 /* PBXContainerItemProxy */;
			sourceTree = BUILT_PRODUCTS_DIR;
		};
/* End PBXReferenceProxy section */

/* Begin PBXSourcesBuildPhase section */
		28249A0D1C74F07400B0C1E5 /* Sources */ = {
			isa = PBXSourcesBuildPhase;
			buildActionMask = 2147483647;
			files = (
				2822191F1C7BBF500031C9CE /* XMLReader.m in Sources */,
				2822191D1C7BBF160031C9CE /* SBMetadataResult.m in Sources */,
				2822191B1C7BBED80031C9CE /* SBMetadataHelper.m in Sources */,
				282219191C7BBE390031C9CE /* SBTheMovieDB3.m in Sources */,
				282219171C7BBE270031C9CE /* SBTheTVDB.m in Sources */,
				282219151C7BBDFD0031C9CE /* SBiTunesStore.m in Sources */,
				282219131C7BBD860031C9CE /* SBMetadataImporter.m in Sources */,
				28249A151C74F07500B0C1E5 /* main.m in Sources */,
			);
			runOnlyForDeploymentPostprocessing = 0;
		};
/* End PBXSourcesBuildPhase section */

/* Begin XCBuildConfiguration section */
		28249A161C74F07500B0C1E5 /* Debug */ = {
			isa = XCBuildConfiguration;
			buildSettings = {
				ALWAYS_SEARCH_USER_PATHS = NO;
				CLANG_CXX_LANGUAGE_STANDARD = "gnu++0x";
				CLANG_CXX_LIBRARY = "libc++";
				CLANG_ENABLE_MODULES = YES;
				CLANG_ENABLE_OBJC_ARC = NO;
				CLANG_WARN_BOOL_CONVERSION = YES;
				CLANG_WARN_CONSTANT_CONVERSION = YES;
				CLANG_WARN_DIRECT_OBJC_ISA_USAGE = YES_ERROR;
				CLANG_WARN_EMPTY_BODY = YES;
				CLANG_WARN_ENUM_CONVERSION = YES;
				CLANG_WARN_INT_CONVERSION = YES;
				CLANG_WARN_OBJC_ROOT_CLASS = YES_ERROR;
				CLANG_WARN_UNREACHABLE_CODE = YES;
				CLANG_WARN__DUPLICATE_METHOD_MATCH = YES;
				CODE_SIGN_IDENTITY = "-";
				COPY_PHASE_STRIP = NO;
				DEBUG_INFORMATION_FORMAT = dwarf;
				ENABLE_STRICT_OBJC_MSGSEND = YES;
				ENABLE_TESTABILITY = YES;
				GCC_C_LANGUAGE_STANDARD = gnu99;
				GCC_DYNAMIC_NO_PIC = NO;
				GCC_NO_COMMON_BLOCKS = YES;
				GCC_OPTIMIZATION_LEVEL = 0;
				GCC_PREPROCESSOR_DEFINITIONS = (
					"DEBUG=1",
					"$(inherited)",
				);
				GCC_WARN_64_TO_32_BIT_CONVERSION = YES;
				GCC_WARN_ABOUT_RETURN_TYPE = YES_ERROR;
				GCC_WARN_UNDECLARED_SELECTOR = YES;
				GCC_WARN_UNINITIALIZED_AUTOS = YES_AGGRESSIVE;
				GCC_WARN_UNUSED_FUNCTION = YES;
				GCC_WARN_UNUSED_VARIABLE = YES;
				MACOSX_DEPLOYMENT_TARGET = 10.11;
				MTL_ENABLE_DEBUG_INFO = YES;
				ONLY_ACTIVE_ARCH = NO;
				SDKROOT = macosx;
			};
			name = Debug;
		};
		28249A171C74F07500B0C1E5 /* Release */ = {
			isa = XCBuildConfiguration;
			buildSettings = {
				ALWAYS_SEARCH_USER_PATHS = NO;
				CLANG_CXX_LANGUAGE_STANDARD = "gnu++0x";
				CLANG_CXX_LIBRARY = "libc++";
				CLANG_ENABLE_MODULES = YES;
				CLANG_ENABLE_OBJC_ARC = NO;
				CLANG_WARN_BOOL_CONVERSION = YES;
				CLANG_WARN_CONSTANT_CONVERSION = YES;
				CLANG_WARN_DIRECT_OBJC_ISA_USAGE = YES_ERROR;
				CLANG_WARN_EMPTY_BODY = YES;
				CLANG_WARN_ENUM_CONVERSION = YES;
				CLANG_WARN_INT_CONVERSION = YES;
				CLANG_WARN_OBJC_ROOT_CLASS = YES_ERROR;
				CLANG_WARN_UNREACHABLE_CODE = YES;
				CLANG_WARN__DUPLICATE_METHOD_MATCH = YES;
				CODE_SIGN_IDENTITY = "-";
				COPY_PHASE_STRIP = NO;
				DEBUG_INFORMATION_FORMAT = "dwarf-with-dsym";
				ENABLE_NS_ASSERTIONS = NO;
				ENABLE_STRICT_OBJC_MSGSEND = YES;
				GCC_C_LANGUAGE_STANDARD = gnu99;
				GCC_NO_COMMON_BLOCKS = YES;
				GCC_WARN_64_TO_32_BIT_CONVERSION = YES;
				GCC_WARN_ABOUT_RETURN_TYPE = YES_ERROR;
				GCC_WARN_UNDECLARED_SELECTOR = YES;
				GCC_WARN_UNINITIALIZED_AUTOS = YES_AGGRESSIVE;
				GCC_WARN_UNUSED_FUNCTION = YES;
				GCC_WARN_UNUSED_VARIABLE = YES;
				MACOSX_DEPLOYMENT_TARGET = 10.11;
				MTL_ENABLE_DEBUG_INFO = NO;
				ONLY_ACTIVE_ARCH = NO;
				SDKROOT = macosx;
			};
			name = Release;
		};
		28249A191C74F07500B0C1E5 /* Debug */ = {
			isa = XCBuildConfiguration;
			buildSettings = {
				"ADDITIONAL_SDKS[arch=i386]" = "";
				ARCHS = "$(ARCHS_STANDARD_32_BIT)";
				HEADER_SEARCH_PATHS = .;
				MACOSX_DEPLOYMENT_TARGET = 10.7;
				PRODUCT_NAME = "$(TARGET_NAME)";
			};
			name = Debug;
		};
		28249A1A1C74F07500B0C1E5 /* Release */ = {
			isa = XCBuildConfiguration;
			buildSettings = {
				ARCHS = "$(ARCHS_STANDARD_32_BIT)";
				HEADER_SEARCH_PATHS = .;
				MACOSX_DEPLOYMENT_TARGET = 10.7;
				PRODUCT_NAME = "$(TARGET_NAME)";
			};
			name = Release;
		};
/* End XCBuildConfiguration section */

/* Begin XCConfigurationList section */
		28249A0C1C74F07400B0C1E5 /* Build configuration list for PBXProject "tagler" */ = {
			isa = XCConfigurationList;
			buildConfigurations = (
				28249A161C74F07500B0C1E5 /* Debug */,
				28249A171C74F07500B0C1E5 /* Release */,
			);
			defaultConfigurationIsVisible = 0;
			defaultConfigurationName = Release;
		};
		28249A181C74F07500B0C1E5 /* Build configuration list for PBXNativeTarget "tagler" */ = {
			isa = XCConfigurationList;
			buildConfigurations = (
				28249A191C74F07500B0C1E5 /* Debug */,
				28249A1A1C74F07500B0C1E5 /* Release */,
			);
			defaultConfigurationIsVisible = 0;
			defaultConfigurationName = Release;
		};
/* End XCConfigurationList section */
	};
	rootObject = 28249A091C74F07400B0C1E5 /* Project object */;
}
